{
  "meteor": {
    "git": "https://github.com/meteor/meteor.git",
    "tag": "v0.5.9",
    "commit": "45fef52095bb6726cc1b2f05008ad891c446100a"
  },
  "dependencies": {
    "basePackages": {
      "accounts-soundcloud": {
        "git": "https://github.com/sylvaingi/meteor-accounts-soundcloud.git",
        "branch": "master"
      }
    },
    "packages": {
      "accounts-soundcloud": {
        "git": "https://github.com/sylvaingi/meteor-accounts-soundcloud.git",
        "branch": "master",
        "commit": "7a9b17fad67e3a25d79fc907a41543c3d3aee625"
      }
    }
  }
}
