{
  "meteor": {
    "git": "https://github.com/sylvaingi/meteor.git",
    "branch": "master",
    "commit": "17af49ff272308a53f532520f4430cf32dfedab5"
  },
  "dependencies": {
    "basePackages": {
      "accounts-soundcloud": {
        "git": "https://github.com/sylvaingi/meteor-accounts-soundcloud.git",
        "branch": "master"
      }
    },
    "packages": {
      "accounts-soundcloud": {
        "git": "https://github.com/sylvaingi/meteor-accounts-soundcloud.git",
        "branch": "master",
        "commit": "7a9b17fad67e3a25d79fc907a41543c3d3aee625"
      }
    }
  }
}
