{
  "meteor": {},
  "dependencies": {
    "basePackages": {
      "accounts-soundcloud": {},
      "soundcloud": {},
      "router": {}
    },
    "packages": {
      "accounts-soundcloud": {
        "git": "https://github.com/sylvaingi/meteor-accounts-soundcloud.git",
        "tag": "v0.1.1",
        "commit": "2a08737186d86ab5c7b21a846a90f26edcd967fe"
      },
      "soundcloud": {
        "git": "https://github.com/sylvaingi/meteor-soundcloud.git",
        "tag": "v0.1.0",
        "commit": "bca726cc92d1f24ef252f38a62837dd0501e798c"
      },
      "router": {
        "git": "https://github.com/tmeasday/meteor-router.git",
        "tag": "v0.5.1",
        "commit": "32e377c7703bb119acccc859fc7296882903cbe7"
      },
      "page-js-ie-support": {
        "git": "https://github.com/tmeasday/meteor-page-js-ie-support.git",
        "tag": "v1.3.5",
        "commit": "b99ed8380aefd10b2afc8f18d9eed4dd0d8ea9cb"
      }
    }
  }
}
